{
  "requires": true,
  "lockfileVersion": 1,
  "dependencies": {
    "angular-in-memory-web-api": {
      "version": "0.5.2",
      "resolved": "https://registry.npmjs.org/angular-in-memory-web-api/-/angular-in-memory-web-api-0.5.2.tgz",
      "integrity": "sha1-/y6mZqv9BN19FslT7JcuExigmCQ="
    }
  }
}
